// !$*UTF8*$!
{
	archiveVersion = 1;
	classes = {
	};
	objectVersion = 50;
	objects = {

/* Begin PBXBuildFile section */
		2524AD09234CD76D002ADE9B /* AppDelegate.swift in Sources */ = {isa = PBXBuildFile; fileRef = 2524AD08234CD76D002ADE9B /* AppDelegate.swift */; };
		2524AD0B234CD76D002ADE9B /* ViewController.swift in Sources */ = {isa = PBXBuildFile; fileRef = 2524AD0A234CD76D002ADE9B /* ViewController.swift */; };
		2524AD0E234CD76D002ADE9B /* Main.storyboard in Resources */ = {isa = PBXBuildFile; fileRef = 2524AD0C234CD76D002ADE9B /* Main.storyboard */; };
		2524AD10234CD770002ADE9B /* Assets.xcassets in Resources */ = {isa = PBXBuildFile; fileRef = 2524AD0F234CD770002ADE9B /* Assets.xcassets */; };
		2524AD13234CD770002ADE9B /* LaunchScreen.storyboard in Resources */ = {isa = PBXBuildFile; fileRef = 2524AD11234CD770002ADE9B /* LaunchScreen.storyboard */; };
		2524AD1B234DDC5F002ADE9B /* FloatingLabelInput.swift in Sources */ = {isa = PBXBuildFile; fileRef = 2524AD1A234DDC5F002ADE9B /* FloatingLabelInput.swift */; };
/* End PBXBuildFile section */

/* Begin PBXFileReference section */
		2524AD05234CD76D002ADE9B /* FloatingLabelInput.app */ = {isa = PBXFileReference; explicitFileType = wrapper.application; includeInIndex = 0; path = FloatingLabelInput.app; sourceTree = BUILT_PRODUCTS_DIR; };
		2524AD08234CD76D002ADE9B /* AppDelegate.swift */ = {isa = PBXFileReference; lastKnownFileType = sourcecode.swift; path = AppDelegate.swift; sourceTree = "<group>"; };
		2524AD0A234CD76D002ADE9B /* ViewController.swift */ = {isa = PBXFileReference; lastKnownFileType = sourcecode.swift; path = ViewController.swift; sourceTree = "<group>"; };
		2524AD0D234CD76D002ADE9B /* Base */ = {isa = PBXFileReference; lastKnownFileType = file.storyboard; name = Base; path = Base.lproj/Main.storyboard; sourceTree = "<group>"; };
		2524AD0F234CD770002ADE9B /* Assets.xcassets */ = {isa = PBXFileReference; lastKnownFileType = folder.assetcatalog; path = Assets.xcassets; sourceTree = "<group>"; };
		2524AD12234CD770002ADE9B /* Base */ = {isa = PBXFileReference; lastKnownFileType = file.storyboard; name = Base; path = Base.lproj/LaunchScreen.storyboard; sourceTree = "<group>"; };
		2524AD14234CD770002ADE9B /* Info.plist */ = {isa = PBXFileReference; lastKnownFileType = text.plist.xml; path = Info.plist; sourceTree = "<group>"; };
		2524AD1A234DDC5F002ADE9B /* FloatingLabelInput.swift */ = {isa = PBXFileReference; lastKnownFileType = sourcecode.swift; path = FloatingLabelInput.swift; sourceTree = "<group>"; };
/* End PBXFileReference section */

/* Begin PBXFrameworksBuildPhase section */
		2524AD02234CD76D002ADE9B /* Frameworks */ = {
			isa = PBXFrameworksBuildPhase;
			buildActionMask = 2147483647;
			files = (
			);
			runOnlyForDeploymentPostprocessing = 0;
		};
/* End PBXFrameworksBuildPhase section */

/* Begin PBXGroup section */
		2524ACFC234CD76D002ADE9B = {
			isa = PBXGroup;
			children = (
				2524AD07234CD76D002ADE9B /* FloatingLabelInput */,
				2524AD06234CD76D002ADE9B /* Products */,
			);
			sourceTree = "<group>";
		};
		2524AD06234CD76D002ADE9B /* Products */ = {
			isa = PBXGroup;
			children = (
				2524AD05234CD76D002ADE9B /* FloatingLabelInput.app */,
			);
			name = Products;
			sourceTree = "<group>";
		};
		2524AD07234CD76D002ADE9B /* FloatingLabelInput */ = {
			isa = PBXGroup;
			children = (
				2524AD08234CD76D002ADE9B /* AppDelegate.swift */,
				2524AD0A234CD76D002ADE9B /* ViewController.swift */,
				2524AD0C234CD76D002ADE9B /* Main.storyboard */,
				2524AD0F234CD770002ADE9B /* Assets.xcassets */,
				2524AD11234CD770002ADE9B /* LaunchScreen.storyboard */,
				2524AD14234CD770002ADE9B /* Info.plist */,
				2524AD1A234DDC5F002ADE9B /* FloatingLabelInput.swift */,
			);
			path = FloatingLabelInput;
			sourceTree = "<group>";
		};
/* End PBXGroup section */

/* Begin PBXNativeTarget section */
		2524AD04234CD76D002ADE9B /* FloatingLabelInput */ = {
			isa = PBXNativeTarget;
			buildConfigurationList = 2524AD17234CD770002ADE9B /* Build configuration list for PBXNativeTarget "FloatingLabelInput" */;
			buildPhases = (
				2524AD01234CD76D002ADE9B /* Sources */,
				2524AD02234CD76D002ADE9B /* Frameworks */,
				2524AD03234CD76D002ADE9B /* Resources */,
			);
			buildRules = (
			);
			dependencies = (
			);
			name = FloatingLabelInput;
			productName = FloatingLabelInput;
			productReference = 2524AD05234CD76D002ADE9B /* FloatingLabelInput.app */;
			productType = "com.apple.product-type.application";
		};
/* End PBXNativeTarget section */

/* Begin PBXProject section */
		2524ACFD234CD76D002ADE9B /* Project object */ = {
			isa = PBXProject;
			attributes = {
				LastSwiftUpdateCheck = 1020;
				LastUpgradeCheck = 1020;
				ORGANIZATIONNAME = "Sprinthub Mobile";
				TargetAttributes = {
					2524AD04234CD76D002ADE9B = {
						CreatedOnToolsVersion = 10.2.1;
					};
				};
			};
			buildConfigurationList = 2524AD00234CD76D002ADE9B /* Build configuration list for PBXProject "FloatingLabelInput" */;
			compatibilityVersion = "Xcode 9.3";
			developmentRegion = en;
			hasScannedForEncodings = 0;
			knownRegions = (
				en,
				Base,
			);
			mainGroup = 2524ACFC234CD76D002ADE9B;
			productRefGroup = 2524AD06234CD76D002ADE9B /* Products */;
			projectDirPath = "";
			projectRoot = "";
			targets = (
				2524AD04234CD76D002ADE9B /* FloatingLabelInput */,
			);
		};
/* End PBXProject section */

/* Begin PBXResourcesBuildPhase section */
		2524AD03234CD76D002ADE9B /* Resources */ = {
			isa = PBXResourcesBuildPhase;
			buildActionMask = 2147483647;
			files = (
				2524AD13234CD770002ADE9B /* LaunchScreen.storyboard in Resources */,
				2524AD10234CD770002ADE9B /* Assets.xcassets in Resources */,
				2524AD0E234CD76D002ADE9B /* Main.storyboard in Resources */,
			);
			runOnlyForDeploymentPostprocessing = 0;
		};
/* End PBXResourcesBuildPhase section */

/* Begin PBXSourcesBuildPhase section */
		2524AD01234CD76D002ADE9B /* Sources */ = {
			isa = PBXSourcesBuildPhase;
			buildActionMask = 2147483647;
			files = (
				2524AD0B234CD76D002ADE9B /* ViewController.swift in Sources */,
				2524AD09234CD76D002ADE9B /* AppDelegate.swift in Sources */,
				2524AD1B234DDC5F002ADE9B /* FloatingLabelInput.swift in Sources */,
			);
			runOnlyForDeploymentPostprocessing = 0;
		};
/* End PBXSourcesBuildPhase section */

/* Begin PBXVariantGroup section */
		2524AD0C234CD76D002ADE9B /* Main.storyboard */ = {
			isa = PBXVariantGroup;
			children = (
				2524AD0D234CD76D002ADE9B /* Base */,
			);
			name = Main.storyboard;
			sourceTree = "<group>";
		};
		2524AD11234CD770002ADE9B /* LaunchScreen.storyboard */ = {
			isa = PBXVariantGroup;
			children = (
				2524AD12234CD770002ADE9B /* Base */,
			);
			name = LaunchScreen.storyboard;
			sourceTree = "<group>";
		};
/* End PBXVariantGroup section */

/* Begin XCBuildConfiguration section */
		2524AD15234CD770002ADE9B /* Debug */ = {
			isa = XCBuildConfiguration;
			buildSettings = {
				ALWAYS_SEARCH_USER_PATHS = NO;
				CLANG_ANALYZER_NONNULL = YES;
				CLANG_ANALYZER_NUMBER_OBJECT_CONVERSION = YES_AGGRESSIVE;
				CLANG_CXX_LANGUAGE_STANDARD = "gnu++14";
				CLANG_CXX_LIBRARY = "libc++";
				CLANG_ENABLE_MODULES = YES;
				CLANG_ENABLE_OBJC_ARC = YES;
				CLANG_ENABLE_OBJC_WEAK = YES;
				CLANG_WARN_BLOCK_CAPTURE_AUTORELEASING = YES;
				CLANG_WARN_BOOL_CONVERSION = YES;
				CLANG_WARN_COMMA = YES;
				CLANG_WARN_CONSTANT_CONVERSION = YES;
				CLANG_WARN_DEPRECATED_OBJC_IMPLEMENTATIONS = YES;
				CLANG_WARN_DIRECT_OBJC_ISA_USAGE = YES_ERROR;
				CLANG_WARN_DOCUMENTATION_COMMENTS = YES;
				CLANG_WARN_EMPTY_BODY = YES;
				CLANG_WARN_ENUM_CONVERSION = YES;
				CLANG_WARN_INFINITE_RECURSION = YES;
				CLANG_WARN_INT_CONVERSION = YES;
				CLANG_WARN_NON_LITERAL_NULL_CONVERSION = YES;
				CLANG_WARN_OBJC_IMPLICIT_RETAIN_SELF = YES;
				CLANG_WARN_OBJC_LITERAL_CONVERSION = YES;
				CLANG_WARN_OBJC_ROOT_CLASS = YES_ERROR;
				CLANG_WARN_RANGE_LOOP_ANALYSIS = YES;
				CLANG_WARN_STRICT_PROTOTYPES = YES;
				CLANG_WARN_SUSPICIOUS_MOVE = YES;
				CLANG_WARN_UNGUARDED_AVAILABILITY = YES_AGGRESSIVE;
				CLANG_WARN_UNREACHABLE_CODE = YES;
				CLANG_WARN__DUPLICATE_METHOD_MATCH = YES;
				CODE_SIGN_IDENTITY = "iPhone Developer";
				COPY_PHASE_STRIP = NO;
				DEBUG_INFORMATION_FORMAT = dwarf;
				ENABLE_STRICT_OBJC_MSGSEND = YES;
				ENABLE_TESTABILITY = YES;
				GCC_C_LANGUAGE_STANDARD = gnu11;
				GCC_DYNAMIC_NO_PIC = NO;
				GCC_NO_COMMON_BLOCKS = YES;
				GCC_OPTIMIZATION_LEVEL = 0;
				GCC_PREPROCESSOR_DEFINITIONS = (
					"DEBUG=1",
					"$(inherited)",
				);
				GCC_WARN_64_TO_32_BIT_CONVERSION = YES;
				GCC_WARN_ABOUT_RETURN_TYPE = YES_ERROR;
				GCC_WARN_UNDECLARED_SELECTOR = YES;
				GCC_WARN_UNINITIALIZED_AUTOS = YES_AGGRESSIVE;
				GCC_WARN_UNUSED_FUNCTION = YES;
				GCC_WARN_UNUSED_VARIABLE = YES;
				IPHONEOS_DEPLOYMENT_TARGET = 12.2;
				MTL_ENABLE_DEBUG_INFO = INCLUDE_SOURCE;
				MTL_FAST_MATH = YES;
				ONLY_ACTIVE_ARCH = YES;
				SDKROOT = iphoneos;
				SWIFT_ACTIVE_COMPILATION_CONDITIONS = DEBUG;
				SWIFT_OPTIMIZATION_LEVEL = "-Onone";
			};
			name = Debug;
		};
		2524AD16234CD770002ADE9B /* Release */ = {
			isa = XCBuildConfiguration;
			buildSettings = {
				ALWAYS_SEARCH_USER_PATHS = NO;
				CLANG_ANALYZER_NONNULL = YES;
				CLANG_ANALYZER_NUMBER_OBJECT_CONVERSION = YES_AGGRESSIVE;
				CLANG_CXX_LANGUAGE_STANDARD = "gnu++14";
				CLANG_CXX_LIBRARY = "libc++";
				CLANG_ENABLE_MODULES = YES;
				CLANG_ENABLE_OBJC_ARC = YES;
				CLANG_ENABLE_OBJC_WEAK = YES;
				CLANG_WARN_BLOCK_CAPTURE_AUTORELEASING = YES;
				CLANG_WARN_BOOL_CONVERSION = YES;
				CLANG_WARN_COMMA = YES;
				CLANG_WARN_CONSTANT_CONVERSION = YES;
				CLANG_WARN_DEPRECATED_OBJC_IMPLEMENTATIONS = YES;
				CLANG_WARN_DIRECT_OBJC_ISA_USAGE = YES_ERROR;
				CLANG_WARN_DOCUMENTATION_COMMENTS = YES;
				CLANG_WARN_EMPTY_BODY = YES;
				CLANG_WARN_ENUM_CONVERSION = YES;
				CLANG_WARN_INFINITE_RECURSION = YES;
				CLANG_WARN_INT_CONVERSION = YES;
				CLANG_WARN_NON_LITERAL_NULL_CONVERSION = YES;
				CLANG_WARN_OBJC_IMPLICIT_RETAIN_SELF = YES;
				CLANG_WARN_OBJC_LITERAL_CONVERSION = YES;
				CLANG_WARN_OBJC_ROOT_CLASS = YES_ERROR;
				CLANG_WARN_RANGE_LOOP_ANALYSIS = YES;
				CLANG_WARN_STRICT_PROTOTYPES = YES;
				CLANG_WARN_SUSPICIOUS_MOVE = YES;
				CLANG_WARN_UNGUARDED_AVAILABILITY = YES_AGGRESSIVE;
				CLANG_WARN_UNREACHABLE_CODE = YES;
				CLANG_WARN__DUPLICATE_METHOD_MATCH = YES;
				CODE_SIGN_IDENTITY = "iPhone Developer";
				COPY_PHASE_STRIP = NO;
				DEBUG_INFORMATION_FORMAT = "dwarf-with-dsym";
				ENABLE_NS_ASSERTIONS = NO;
				ENABLE_STRICT_OBJC_MSGSEND = YES;
				GCC_C_LANGUAGE_STANDARD = gnu11;
				GCC_NO_COMMON_BLOCKS = YES;
				GCC_WARN_64_TO_32_BIT_CONVERSION = YES;
				GCC_WARN_ABOUT_RETURN_TYPE = YES_ERROR;
				GCC_WARN_UNDECLARED_SELECTOR = YES;
				GCC_WARN_UNINITIALIZED_AUTOS = YES_AGGRESSIVE;
				GCC_WARN_UNUSED_FUNCTION = YES;
				GCC_WARN_UNUSED_VARIABLE = YES;
				IPHONEOS_DEPLOYMENT_TARGET = 12.2;
				MTL_ENABLE_DEBUG_INFO = NO;
				MTL_FAST_MATH = YES;
				SDKROOT = iphoneos;
				SWIFT_COMPILATION_MODE = wholemodule;
				SWIFT_OPTIMIZATION_LEVEL = "-O";
				VALIDATE_PRODUCT = YES;
			};
			name = Release;
		};
		2524AD18234CD770002ADE9B /* Debug */ = {
			isa = XCBuildConfiguration;
			buildSettings = {
				ASSETCATALOG_COMPILER_APPICON_NAME = AppIcon;
				CODE_SIGN_STYLE = Automatic;
				INFOPLIST_FILE = FloatingLabelInput/Info.plist;
				LD_RUNPATH_SEARCH_PATHS = (
					"$(inherited)",
					"@executable_path/Frameworks",
				);
				PRODUCT_BUNDLE_IDENTIFIER = com.sprinthubmobile.FloatingLabelInput;
				PRODUCT_NAME = "$(TARGET_NAME)";
				SWIFT_VERSION = 5.0;
				TARGETED_DEVICE_FAMILY = "1,2";
			};
			name = Debug;
		};
		2524AD19234CD770002ADE9B /* Release */ = {
			isa = XCBuildConfiguration;
			buildSettings = {
				ASSETCATALOG_COMPILER_APPICON_NAME = AppIcon;
				CODE_SIGN_STYLE = Automatic;
				INFOPLIST_FILE = FloatingLabelInput/Info.plist;
				LD_RUNPATH_SEARCH_PATHS = (
					"$(inherited)",
					"@executable_path/Frameworks",
				);
				PRODUCT_BUNDLE_IDENTIFIER = com.sprinthubmobile.FloatingLabelInput;
				PRODUCT_NAME = "$(TARGET_NAME)";
				SWIFT_VERSION = 5.0;
				TARGETED_DEVICE_FAMILY = "1,2";
			};
			name = Release;
		};
/* End XCBuildConfiguration section */

/* Begin XCConfigurationList section */
		2524AD00234CD76D002ADE9B /* Build configuration list for PBXProject "FloatingLabelInput" */ = {
			isa = XCConfigurationList;
			buildConfigurations = (
				2524AD15234CD770002ADE9B /* Debug */,
				2524AD16234CD770002ADE9B /* Release */,
			);
			defaultConfigurationIsVisible = 0;
			defaultConfigurationName = Release;
		};
		2524AD17234CD770002ADE9B /* Build configuration list for PBXNativeTarget "FloatingLabelInput" */ = {
			isa = XCConfigurationList;
			buildConfigurations = (
				2524AD18234CD770002ADE9B /* Debug */,
				2524AD19234CD770002ADE9B /* Release */,
			);
			defaultConfigurationIsVisible = 0;
			defaultConfigurationName = Release;
		};
/* End XCConfigurationList section */
	};
	rootObject = 2524ACFD234CD76D002ADE9B /* Project object */;
}
